
Microsoft Visual Studio Solution File, Format Version 12.00
# Visual Studio 14
VisualStudioVersion = 14.0.25420.1
MinimumVisualStudioVersion = 10.0.40219.1
Project("{FAE04EC0-301F-11D3-BF4B-00C04F79EFBC}") = "Demo04", "Demo04\Demo04.csproj", "{E3470544-973F-43DE-8706-6504CA787F01}"
EndProject
Project("{FAE04EC0-301F-11D3-BF4B-00C04F79EFBC}") = "teh1", "teh1\teh1.csproj", "{990DCC0D-3213-4B77-98C8-DBA4F458067A}"
EndProject
Project("{FAE04EC0-301F-11D3-BF4B-00C04F79EFBC}") = "teh2", "teh2\teh2.csproj", "{A4F5A67B-5CC0-4968-BE05-15A20B359BC3}"
EndProject
Global
	GlobalSection(SolutionConfigurationPlatforms) = preSolution
		Debug|Any CPU = Debug|Any CPU
		Release|Any CPU = Release|Any CPU
	EndGlobalSection
	GlobalSection(ProjectConfigurationPlatforms) = postSolution
		{E3470544-973F-43DE-8706-6504CA787F01}.Debug|Any CPU.ActiveCfg = Debug|Any CPU
		{E3470544-973F-43DE-8706-6504CA787F01}.Debug|Any CPU.Build.0 = Debug|Any CPU
		{E3470544-973F-43DE-8706-6504CA787F01}.Release|Any CPU.ActiveCfg = Release|Any CPU
		{E3470544-973F-43DE-8706-6504CA787F01}.Release|Any CPU.Build.0 = Release|Any CPU
		{990DCC0D-3213-4B77-98C8-DBA4F458067A}.Debug|Any CPU.ActiveCfg = Debug|Any CPU
		{990DCC0D-3213-4B77-98C8-DBA4F458067A}.Debug|Any CPU.Build.0 = Debug|Any CPU
		{990DCC0D-3213-4B77-98C8-DBA4F458067A}.Release|Any CPU.ActiveCfg = Release|Any CPU
		{990DCC0D-3213-4B77-98C8-DBA4F458067A}.Release|Any CPU.Build.0 = Release|Any CPU
		{A4F5A67B-5CC0-4968-BE05-15A20B359BC3}.Debug|Any CPU.ActiveCfg = Debug|Any CPU
		{A4F5A67B-5CC0-4968-BE05-15A20B359BC3}.Debug|Any CPU.Build.0 = Debug|Any CPU
		{A4F5A67B-5CC0-4968-BE05-15A20B359BC3}.Release|Any CPU.ActiveCfg = Release|Any CPU
		{A4F5A67B-5CC0-4968-BE05-15A20B359BC3}.Release|Any CPU.Build.0 = Release|Any CPU
	EndGlobalSection
	GlobalSection(SolutionProperties) = preSolution
		HideSolutionNode = FALSE
	EndGlobalSection
EndGlobal
